
Microsoft Visual Studio Solution File, Format Version 12.00
# Visual Studio Version 17
VisualStudioVersion = 17.3.32929.385
MinimumVisualStudioVersion = 10.0.40219.1
Project("{FAE04EC0-301F-11D3-BF4B-00C04F79EFBC}") = "mobpsycho", "mobpsycho\src\mobpsycho\mobpsycho.csproj", "{EA09A224-EC1F-42C0-AFD8-7BDFE02B64C4}"
EndProject
Global
	GlobalSection(SolutionConfigurationPlatforms) = preSolution
		Debug|Any CPU = Debug|Any CPU
		Release|Any CPU = Release|Any CPU
	EndGlobalSection
	GlobalSection(ProjectConfigurationPlatforms) = postSolution
		{EA09A224-EC1F-42C0-AFD8-7BDFE02B64C4}.Debug|Any CPU.ActiveCfg = Debug|Any CPU
		{EA09A224-EC1F-42C0-AFD8-7BDFE02B64C4}.Debug|Any CPU.Build.0 = Debug|Any CPU
		{EA09A224-EC1F-42C0-AFD8-7BDFE02B64C4}.Release|Any CPU.ActiveCfg = Release|Any CPU
		{EA09A224-EC1F-42C0-AFD8-7BDFE02B64C4}.Release|Any CPU.Build.0 = Release|Any CPU
	EndGlobalSection
	GlobalSection(SolutionProperties) = preSolution
		HideSolutionNode = FALSE
	EndGlobalSection
	GlobalSection(ExtensibilityGlobals) = postSolution
		SolutionGuid = {CDCD2C07-4476-4CCD-8687-1C205ADAEA1B}
	EndGlobalSection
EndGlobal
